// !$*UTF8*$!
{
	archiveVersion = 1;
	classes = {
	};
	objectVersion = 48;
	objects = {

/* Begin PBXBuildFile section */
		591EF0072093ED5C00183242 /* main.c in Sources */ = {isa = PBXBuildFile; fileRef = 591EF0062093ED5C00183242 /* main.c */; };
		591EF00F2093F23100183242 /* LinkList.c in Sources */ = {isa = PBXBuildFile; fileRef = 591EF00E2093F23100183242 /* LinkList.c */; };
		593416EC20972E6800B59AFB /* StaticLinkList.c in Sources */ = {isa = PBXBuildFile; fileRef = 593416EB20972E6800B59AFB /* StaticLinkList.c */; };
		593416EF209750D600B59AFB /* LinkStack.c in Sources */ = {isa = PBXBuildFile; fileRef = 593416EE209750D600B59AFB /* LinkStack.c */; };
		59D85FBD209FBACA00107488 /* ArrayList.c in Sources */ = {isa = PBXBuildFile; fileRef = 59D85FBC209FBACA00107488 /* ArrayList.c */; };
		59F283BB209A0CF200AEBFCC /* LinkQueue.c in Sources */ = {isa = PBXBuildFile; fileRef = 59F283BA209A0CF200AEBFCC /* LinkQueue.c */; };
/* End PBXBuildFile section */

/* Begin PBXCopyFilesBuildPhase section */
		591EF0012093ED5C00183242 /* CopyFiles */ = {
			isa = PBXCopyFilesBuildPhase;
			buildActionMask = 2147483647;
			dstPath = /usr/share/man/man1/;
			dstSubfolderSpec = 0;
			files = (
			);
			runOnlyForDeploymentPostprocessing = 1;
		};
/* End PBXCopyFilesBuildPhase section */

/* Begin PBXFileReference section */
		591EF0032093ED5C00183242 /* DataStructure */ = {isa = PBXFileReference; explicitFileType = "compiled.mach-o.executable"; includeInIndex = 0; path = DataStructure; sourceTree = BUILT_PRODUCTS_DIR; };
		591EF0062093ED5C00183242 /* main.c */ = {isa = PBXFileReference; lastKnownFileType = sourcecode.c.c; path = main.c; sourceTree = "<group>"; };
		591EF00D2093F21600183242 /* LinkList.h */ = {isa = PBXFileReference; lastKnownFileType = sourcecode.c.h; path = LinkList.h; sourceTree = "<group>"; };
		591EF00E2093F23100183242 /* LinkList.c */ = {isa = PBXFileReference; lastKnownFileType = sourcecode.c.c; path = LinkList.c; sourceTree = "<group>"; };
		593416EA20972E6800B59AFB /* StaticLinkList.h */ = {isa = PBXFileReference; lastKnownFileType = sourcecode.c.h; path = StaticLinkList.h; sourceTree = "<group>"; };
		593416EB20972E6800B59AFB /* StaticLinkList.c */ = {isa = PBXFileReference; lastKnownFileType = sourcecode.c.c; path = StaticLinkList.c; sourceTree = "<group>"; };
		593416ED209750D600B59AFB /* LinkStack.h */ = {isa = PBXFileReference; lastKnownFileType = sourcecode.c.h; path = LinkStack.h; sourceTree = "<group>"; };
		593416EE209750D600B59AFB /* LinkStack.c */ = {isa = PBXFileReference; lastKnownFileType = sourcecode.c.c; path = LinkStack.c; sourceTree = "<group>"; };
		5985EAB22097E11100B5B986 /* DataStructureUtil.h */ = {isa = PBXFileReference; lastKnownFileType = sourcecode.c.h; path = DataStructureUtil.h; sourceTree = "<group>"; };
		59D85FBB209FBACA00107488 /* ArrayList.h */ = {isa = PBXFileReference; lastKnownFileType = sourcecode.c.h; path = ArrayList.h; sourceTree = "<group>"; };
		59D85FBC209FBACA00107488 /* ArrayList.c */ = {isa = PBXFileReference; lastKnownFileType = sourcecode.c.c; path = ArrayList.c; sourceTree = "<group>"; };
		59F283B9209A0CF200AEBFCC /* LinkQueue.h */ = {isa = PBXFileReference; lastKnownFileType = sourcecode.c.h; path = LinkQueue.h; sourceTree = "<group>"; };
		59F283BA209A0CF200AEBFCC /* LinkQueue.c */ = {isa = PBXFileReference; lastKnownFileType = sourcecode.c.c; path = LinkQueue.c; sourceTree = "<group>"; };
/* End PBXFileReference section */

/* Begin PBXFrameworksBuildPhase section */
		591EF0002093ED5C00183242 /* Frameworks */ = {
			isa = PBXFrameworksBuildPhase;
			buildActionMask = 2147483647;
			files = (
			);
			runOnlyForDeploymentPostprocessing = 0;
		};
/* End PBXFrameworksBuildPhase section */

/* Begin PBXGroup section */
		591EEFFA2093ED5C00183242 = {
			isa = PBXGroup;
			children = (
				59D85FBA209FB8FB00107488 /* DataStructure_Array */,
				591EF0052093ED5C00183242 /* DataStructure */,
				591EF0042093ED5C00183242 /* Products */,
			);
			sourceTree = "<group>";
		};
		591EF0042093ED5C00183242 /* Products */ = {
			isa = PBXGroup;
			children = (
				591EF0032093ED5C00183242 /* DataStructure */,
			);
			name = Products;
			sourceTree = "<group>";
		};
		591EF0052093ED5C00183242 /* DataStructure */ = {
			isa = PBXGroup;
			children = (
				59F283B9209A0CF200AEBFCC /* LinkQueue.h */,
				59F283BA209A0CF200AEBFCC /* LinkQueue.c */,
				591EF0062093ED5C00183242 /* main.c */,
				591EF00D2093F21600183242 /* LinkList.h */,
				5985EAB22097E11100B5B986 /* DataStructureUtil.h */,
				591EF00E2093F23100183242 /* LinkList.c */,
				593416EA20972E6800B59AFB /* StaticLinkList.h */,
				593416ED209750D600B59AFB /* LinkStack.h */,
				593416EE209750D600B59AFB /* LinkStack.c */,
				593416EB20972E6800B59AFB /* StaticLinkList.c */,
			);
			path = DataStructure;
			sourceTree = "<group>";
		};
		59D85FBA209FB8FB00107488 /* DataStructure_Array */ = {
			isa = PBXGroup;
			children = (
				59D85FBB209FBACA00107488 /* ArrayList.h */,
				59D85FBC209FBACA00107488 /* ArrayList.c */,
			);
			path = DataStructure_Array;
			sourceTree = "<group>";
		};
/* End PBXGroup section */

/* Begin PBXNativeTarget section */
		591EF0022093ED5C00183242 /* DataStructure */ = {
			isa = PBXNativeTarget;
			buildConfigurationList = 591EF00A2093ED5C00183242 /* Build configuration list for PBXNativeTarget "DataStructure" */;
			buildPhases = (
				591EEFFF2093ED5C00183242 /* Sources */,
				591EF0002093ED5C00183242 /* Frameworks */,
				591EF0012093ED5C00183242 /* CopyFiles */,
			);
			buildRules = (
			);
			dependencies = (
			);
			name = DataStructure;
			productName = DataStructure;
			productReference = 591EF0032093ED5C00183242 /* DataStructure */;
			productType = "com.apple.product-type.tool";
		};
/* End PBXNativeTarget section */

/* Begin PBXProject section */
		591EEFFB2093ED5C00183242 /* Project object */ = {
			isa = PBXProject;
			attributes = {
				LastUpgradeCheck = 0910;
				ORGANIZATIONNAME = "刘晋辰";
				TargetAttributes = {
					591EF0022093ED5C00183242 = {
						CreatedOnToolsVersion = 9.1;
						ProvisioningStyle = Automatic;
					};
				};
			};
			buildConfigurationList = 591EEFFE2093ED5C00183242 /* Build configuration list for PBXProject "DataStructure" */;
			compatibilityVersion = "Xcode 8.0";
			developmentRegion = en;
			hasScannedForEncodings = 0;
			knownRegions = (
				en,
			);
			mainGroup = 591EEFFA2093ED5C00183242;
			productRefGroup = 591EF0042093ED5C00183242 /* Products */;
			projectDirPath = "";
			projectRoot = "";
			targets = (
				591EF0022093ED5C00183242 /* DataStructure */,
			);
		};
/* End PBXProject section */

/* Begin PBXSourcesBuildPhase section */
		591EEFFF2093ED5C00183242 /* Sources */ = {
			isa = PBXSourcesBuildPhase;
			buildActionMask = 2147483647;
			files = (
				59F283BB209A0CF200AEBFCC /* LinkQueue.c in Sources */,
				593416EC20972E6800B59AFB /* StaticLinkList.c in Sources */,
				591EF0072093ED5C00183242 /* main.c in Sources */,
				59D85FBD209FBACA00107488 /* ArrayList.c in Sources */,
				593416EF209750D600B59AFB /* LinkStack.c in Sources */,
				591EF00F2093F23100183242 /* LinkList.c in Sources */,
			);
			runOnlyForDeploymentPostprocessing = 0;
		};
/* End PBXSourcesBuildPhase section */

/* Begin XCBuildConfiguration section */
		591EF0082093ED5C00183242 /* Debug */ = {
			isa = XCBuildConfiguration;
			buildSettings = {
				ALWAYS_SEARCH_USER_PATHS = NO;
				CLANG_ANALYZER_NONNULL = YES;
				CLANG_ANALYZER_NUMBER_OBJECT_CONVERSION = YES_AGGRESSIVE;
				CLANG_CXX_LANGUAGE_STANDARD = "gnu++14";
				CLANG_CXX_LIBRARY = "libc++";
				CLANG_ENABLE_MODULES = YES;
				CLANG_ENABLE_OBJC_ARC = YES;
				CLANG_WARN_BLOCK_CAPTURE_AUTORELEASING = YES;
				CLANG_WARN_BOOL_CONVERSION = YES;
				CLANG_WARN_COMMA = YES;
				CLANG_WARN_CONSTANT_CONVERSION = YES;
				CLANG_WARN_DIRECT_OBJC_ISA_USAGE = YES_ERROR;
				CLANG_WARN_DOCUMENTATION_COMMENTS = YES;
				CLANG_WARN_EMPTY_BODY = YES;
				CLANG_WARN_ENUM_CONVERSION = YES;
				CLANG_WARN_INFINITE_RECURSION = YES;
				CLANG_WARN_INT_CONVERSION = YES;
				CLANG_WARN_NON_LITERAL_NULL_CONVERSION = YES;
				CLANG_WARN_OBJC_LITERAL_CONVERSION = YES;
				CLANG_WARN_OBJC_ROOT_CLASS = YES_ERROR;
				CLANG_WARN_RANGE_LOOP_ANALYSIS = YES;
				CLANG_WARN_STRICT_PROTOTYPES = YES;
				CLANG_WARN_SUSPICIOUS_MOVE = YES;
				CLANG_WARN_UNGUARDED_AVAILABILITY = YES_AGGRESSIVE;
				CLANG_WARN_UNREACHABLE_CODE = YES;
				CLANG_WARN__DUPLICATE_METHOD_MATCH = YES;
				CODE_SIGN_IDENTITY = "-";
				COPY_PHASE_STRIP = NO;
				DEBUG_INFORMATION_FORMAT = dwarf;
				ENABLE_STRICT_OBJC_MSGSEND = YES;
				ENABLE_TESTABILITY = YES;
				GCC_C_LANGUAGE_STANDARD = gnu11;
				GCC_DYNAMIC_NO_PIC = NO;
				GCC_NO_COMMON_BLOCKS = YES;
				GCC_OPTIMIZATION_LEVEL = 0;
				GCC_PREPROCESSOR_DEFINITIONS = (
					"DEBUG=1",
					"$(inherited)",
				);
				GCC_WARN_64_TO_32_BIT_CONVERSION = YES;
				GCC_WARN_ABOUT_RETURN_TYPE = YES_ERROR;
				GCC_WARN_UNDECLARED_SELECTOR = YES;
				GCC_WARN_UNINITIALIZED_AUTOS = YES_AGGRESSIVE;
				GCC_WARN_UNUSED_FUNCTION = YES;
				GCC_WARN_UNUSED_VARIABLE = YES;
				MACOSX_DEPLOYMENT_TARGET = 10.13;
				MTL_ENABLE_DEBUG_INFO = YES;
				ONLY_ACTIVE_ARCH = YES;
				SDKROOT = macosx;
			};
			name = Debug;
		};
		591EF0092093ED5C00183242 /* Release */ = {
			isa = XCBuildConfiguration;
			buildSettings = {
				ALWAYS_SEARCH_USER_PATHS = NO;
				CLANG_ANALYZER_NONNULL = YES;
				CLANG_ANALYZER_NUMBER_OBJECT_CONVERSION = YES_AGGRESSIVE;
				CLANG_CXX_LANGUAGE_STANDARD = "gnu++14";
				CLANG_CXX_LIBRARY = "libc++";
				CLANG_ENABLE_MODULES = YES;
				CLANG_ENABLE_OBJC_ARC = YES;
				CLANG_WARN_BLOCK_CAPTURE_AUTORELEASING = YES;
				CLANG_WARN_BOOL_CONVERSION = YES;
				CLANG_WARN_COMMA = YES;
				CLANG_WARN_CONSTANT_CONVERSION = YES;
				CLANG_WARN_DIRECT_OBJC_ISA_USAGE = YES_ERROR;
				CLANG_WARN_DOCUMENTATION_COMMENTS = YES;
				CLANG_WARN_EMPTY_BODY = YES;
				CLANG_WARN_ENUM_CONVERSION = YES;
				CLANG_WARN_INFINITE_RECURSION = YES;
				CLANG_WARN_INT_CONVERSION = YES;
				CLANG_WARN_NON_LITERAL_NULL_CONVERSION = YES;
				CLANG_WARN_OBJC_LITERAL_CONVERSION = YES;
				CLANG_WARN_OBJC_ROOT_CLASS = YES_ERROR;
				CLANG_WARN_RANGE_LOOP_ANALYSIS = YES;
				CLANG_WARN_STRICT_PROTOTYPES = YES;
				CLANG_WARN_SUSPICIOUS_MOVE = YES;
				CLANG_WARN_UNGUARDED_AVAILABILITY = YES_AGGRESSIVE;
				CLANG_WARN_UNREACHABLE_CODE = YES;
				CLANG_WARN__DUPLICATE_METHOD_MATCH = YES;
				CODE_SIGN_IDENTITY = "-";
				COPY_PHASE_STRIP = NO;
				DEBUG_INFORMATION_FORMAT = "dwarf-with-dsym";
				ENABLE_NS_ASSERTIONS = NO;
				ENABLE_STRICT_OBJC_MSGSEND = YES;
				GCC_C_LANGUAGE_STANDARD = gnu11;
				GCC_NO_COMMON_BLOCKS = YES;
				GCC_WARN_64_TO_32_BIT_CONVERSION = YES;
				GCC_WARN_ABOUT_RETURN_TYPE = YES_ERROR;
				GCC_WARN_UNDECLARED_SELECTOR = YES;
				GCC_WARN_UNINITIALIZED_AUTOS = YES_AGGRESSIVE;
				GCC_WARN_UNUSED_FUNCTION = YES;
				GCC_WARN_UNUSED_VARIABLE = YES;
				MACOSX_DEPLOYMENT_TARGET = 10.13;
				MTL_ENABLE_DEBUG_INFO = NO;
				SDKROOT = macosx;
			};
			name = Release;
		};
		591EF00B2093ED5C00183242 /* Debug */ = {
			isa = XCBuildConfiguration;
			buildSettings = {
				CODE_SIGN_STYLE = Automatic;
				PRODUCT_NAME = "$(TARGET_NAME)";
			};
			name = Debug;
		};
		591EF00C2093ED5C00183242 /* Release */ = {
			isa = XCBuildConfiguration;
			buildSettings = {
				CODE_SIGN_STYLE = Automatic;
				PRODUCT_NAME = "$(TARGET_NAME)";
			};
			name = Release;
		};
/* End XCBuildConfiguration section */

/* Begin XCConfigurationList section */
		591EEFFE2093ED5C00183242 /* Build configuration list for PBXProject "DataStructure" */ = {
			isa = XCConfigurationList;
			buildConfigurations = (
				591EF0082093ED5C00183242 /* Debug */,
				591EF0092093ED5C00183242 /* Release */,
			);
			defaultConfigurationIsVisible = 0;
			defaultConfigurationName = Release;
		};
		591EF00A2093ED5C00183242 /* Build configuration list for PBXNativeTarget "DataStructure" */ = {
			isa = XCConfigurationList;
			buildConfigurations = (
				591EF00B2093ED5C00183242 /* Debug */,
				591EF00C2093ED5C00183242 /* Release */,
			);
			defaultConfigurationIsVisible = 0;
			defaultConfigurationName = Release;
		};
/* End XCConfigurationList section */
	};
	rootObject = 591EEFFB2093ED5C00183242 /* Project object */;
}
